// !$*UTF8*$!
{
	archiveVersion = 1;
	classes = {
	};
	objectVersion = 56;
	objects = {

/* Begin PBXBuildFile section */
		5541C6A62A24B15B00ECEE64 /* counter_applicationApp.swift in Sources */ = {isa = PBXBuildFile; fileRef = 5541C6A52A24B15B00ECEE64 /* counter_applicationApp.swift */; };
		5541C6A82A24B15B00ECEE64 /* ContentView.swift in Sources */ = {isa = PBXBuildFile; fileRef = 5541C6A72A24B15B00ECEE64 /* ContentView.swift */; };
		5541C6AA2A24B15C00ECEE64 /* Assets.xcassets in Resources */ = {isa = PBXBuildFile; fileRef = 5541C6A92A24B15C00ECEE64 /* Assets.xcassets */; };
		5541C6AE2A24B15C00ECEE64 /* Preview Assets.xcassets in Resources */ = {isa = PBXBuildFile; fileRef = 5541C6AD2A24B15C00ECEE64 /* Preview Assets.xcassets */; };
		5541C6B82A24B15D00ECEE64 /* counter_applicationTests.swift in Sources */ = {isa = PBXBuildFile; fileRef = 5541C6B72A24B15D00ECEE64 /* counter_applicationTests.swift */; };
		5541C6C22A24B15D00ECEE64 /* counter_applicationUITests.swift in Sources */ = {isa = PBXBuildFile; fileRef = 5541C6C12A24B15D00ECEE64 /* counter_applicationUITests.swift */; };
		5541C6C42A24B15D00ECEE64 /* counter_applicationUITestsLaunchTests.swift in Sources */ = {isa = PBXBuildFile; fileRef = 5541C6C32A24B15D00ECEE64 /* counter_applicationUITestsLaunchTests.swift */; };
		5541C6D22A24B1DE00ECEE64 /* SwiftUINavigation in Frameworks */ = {isa = PBXBuildFile; productRef = 5541C6D12A24B1DE00ECEE64 /* SwiftUINavigation */; };
		5541C6D42A24B1DE00ECEE64 /* _SwiftUINavigationState in Frameworks */ = {isa = PBXBuildFile; productRef = 5541C6D32A24B1DE00ECEE64 /* _SwiftUINavigationState */; };
		5541C6D72A24B22500ECEE64 /* ComposableArchitecture in Frameworks */ = {isa = PBXBuildFile; productRef = 5541C6D62A24B22500ECEE64 /* ComposableArchitecture */; };
		5541C6D92A24B25600ECEE64 /* CounterFeature.swift in Sources */ = {isa = PBXBuildFile; fileRef = 5541C6D82A24B25600ECEE64 /* CounterFeature.swift */; };
/* End PBXBuildFile section */

/* Begin PBXContainerItemProxy section */
		5541C6B42A24B15D00ECEE64 /* PBXContainerItemProxy */ = {
			isa = PBXContainerItemProxy;
			containerPortal = 5541C69A2A24B15B00ECEE64 /* Project object */;
			proxyType = 1;
			remoteGlobalIDString = 5541C6A12A24B15B00ECEE64;
			remoteInfo = "counter-application";
		};
		5541C6BE2A24B15D00ECEE64 /* PBXContainerItemProxy */ = {
			isa = PBXContainerItemProxy;
			containerPortal = 5541C69A2A24B15B00ECEE64 /* Project object */;
			proxyType = 1;
			remoteGlobalIDString = 5541C6A12A24B15B00ECEE64;
			remoteInfo = "counter-application";
		};
/* End PBXContainerItemProxy section */

/* Begin PBXFileReference section */
		5541C6A22A24B15B00ECEE64 /* counter-application.app */ = {isa = PBXFileReference; explicitFileType = wrapper.application; includeInIndex = 0; path = "counter-application.app"; sourceTree = BUILT_PRODUCTS_DIR; };
		5541C6A52A24B15B00ECEE64 /* counter_applicationApp.swift */ = {isa = PBXFileReference; lastKnownFileType = sourcecode.swift; path = counter_applicationApp.swift; sourceTree = "<group>"; };
		5541C6A72A24B15B00ECEE64 /* ContentView.swift */ = {isa = PBXFileReference; lastKnownFileType = sourcecode.swift; path = ContentView.swift; sourceTree = "<group>"; };
		5541C6A92A24B15C00ECEE64 /* Assets.xcassets */ = {isa = PBXFileReference; lastKnownFileType = folder.assetcatalog; path = Assets.xcassets; sourceTree = "<group>"; };
		5541C6AB2A24B15C00ECEE64 /* counter_application.entitlements */ = {isa = PBXFileReference; lastKnownFileType = text.plist.entitlements; path = counter_application.entitlements; sourceTree = "<group>"; };
		5541C6AD2A24B15C00ECEE64 /* Preview Assets.xcassets */ = {isa = PBXFileReference; lastKnownFileType = folder.assetcatalog; path = "Preview Assets.xcassets"; sourceTree = "<group>"; };
		5541C6B32A24B15D00ECEE64 /* counter-applicationTests.xctest */ = {isa = PBXFileReference; explicitFileType = wrapper.cfbundle; includeInIndex = 0; path = "counter-applicationTests.xctest"; sourceTree = BUILT_PRODUCTS_DIR; };
		5541C6B72A24B15D00ECEE64 /* counter_applicationTests.swift */ = {isa = PBXFileReference; lastKnownFileType = sourcecode.swift; path = counter_applicationTests.swift; sourceTree = "<group>"; };
		5541C6BD2A24B15D00ECEE64 /* counter-applicationUITests.xctest */ = {isa = PBXFileReference; explicitFileType = wrapper.cfbundle; includeInIndex = 0; path = "counter-applicationUITests.xctest"; sourceTree = BUILT_PRODUCTS_DIR; };
		5541C6C12A24B15D00ECEE64 /* counter_applicationUITests.swift */ = {isa = PBXFileReference; lastKnownFileType = sourcecode.swift; path = counter_applicationUITests.swift; sourceTree = "<group>"; };
		5541C6C32A24B15D00ECEE64 /* counter_applicationUITestsLaunchTests.swift */ = {isa = PBXFileReference; lastKnownFileType = sourcecode.swift; path = counter_applicationUITestsLaunchTests.swift; sourceTree = "<group>"; };
		5541C6D82A24B25600ECEE64 /* CounterFeature.swift */ = {isa = PBXFileReference; lastKnownFileType = sourcecode.swift; path = CounterFeature.swift; sourceTree = "<group>"; };
/* End PBXFileReference section */

/* Begin PBXFrameworksBuildPhase section */
		5541C69F2A24B15B00ECEE64 /* Frameworks */ = {
			isa = PBXFrameworksBuildPhase;
			buildActionMask = 2147483647;
			files = (
				5541C6D42A24B1DE00ECEE64 /* _SwiftUINavigationState in Frameworks */,
				5541C6D22A24B1DE00ECEE64 /* SwiftUINavigation in Frameworks */,
				5541C6D72A24B22500ECEE64 /* ComposableArchitecture in Frameworks */,
			);
			runOnlyForDeploymentPostprocessing = 0;
		};
		5541C6B02A24B15D00ECEE64 /* Frameworks */ = {
			isa = PBXFrameworksBuildPhase;
			buildActionMask = 2147483647;
			files = (
			);
			runOnlyForDeploymentPostprocessing = 0;
		};
		5541C6BA2A24B15D00ECEE64 /* Frameworks */ = {
			isa = PBXFrameworksBuildPhase;
			buildActionMask = 2147483647;
			files = (
			);
			runOnlyForDeploymentPostprocessing = 0;
		};
/* End PBXFrameworksBuildPhase section */

/* Begin PBXGroup section */
		5541C6992A24B15B00ECEE64 = {
			isa = PBXGroup;
			children = (
				5541C6A42A24B15B00ECEE64 /* counter-application */,
				5541C6B62A24B15D00ECEE64 /* counter-applicationTests */,
				5541C6C02A24B15D00ECEE64 /* counter-applicationUITests */,
				5541C6A32A24B15B00ECEE64 /* Products */,
			);
			sourceTree = "<group>";
		};
		5541C6A32A24B15B00ECEE64 /* Products */ = {
			isa = PBXGroup;
			children = (
				5541C6A22A24B15B00ECEE64 /* counter-application.app */,
				5541C6B32A24B15D00ECEE64 /* counter-applicationTests.xctest */,
				5541C6BD2A24B15D00ECEE64 /* counter-applicationUITests.xctest */,
			);
			name = Products;
			sourceTree = "<group>";
		};
		5541C6A42A24B15B00ECEE64 /* counter-application */ = {
			isa = PBXGroup;
			children = (
				5541C6A52A24B15B00ECEE64 /* counter_applicationApp.swift */,
				5541C6A72A24B15B00ECEE64 /* ContentView.swift */,
				5541C6A92A24B15C00ECEE64 /* Assets.xcassets */,
				5541C6AB2A24B15C00ECEE64 /* counter_application.entitlements */,
				5541C6AC2A24B15C00ECEE64 /* Preview Content */,
				5541C6D82A24B25600ECEE64 /* CounterFeature.swift */,
			);
			path = "counter-application";
			sourceTree = "<group>";
		};
		5541C6AC2A24B15C00ECEE64 /* Preview Content */ = {
			isa = PBXGroup;
			children = (
				5541C6AD2A24B15C00ECEE64 /* Preview Assets.xcassets */,
			);
			path = "Preview Content";
			sourceTree = "<group>";
		};
		5541C6B62A24B15D00ECEE64 /* counter-applicationTests */ = {
			isa = PBXGroup;
			children = (
				5541C6B72A24B15D00ECEE64 /* counter_applicationTests.swift */,
			);
			path = "counter-applicationTests";
			sourceTree = "<group>";
		};
		5541C6C02A24B15D00ECEE64 /* counter-applicationUITests */ = {
			isa = PBXGroup;
			children = (
				5541C6C12A24B15D00ECEE64 /* counter_applicationUITests.swift */,
				5541C6C32A24B15D00ECEE64 /* counter_applicationUITestsLaunchTests.swift */,
			);
			path = "counter-applicationUITests";
			sourceTree = "<group>";
		};
/* End PBXGroup section */

/* Begin PBXNativeTarget section */
		5541C6A12A24B15B00ECEE64 /* counter-application */ = {
			isa = PBXNativeTarget;
			buildConfigurationList = 5541C6C72A24B15D00ECEE64 /* Build configuration list for PBXNativeTarget "counter-application" */;
			buildPhases = (
				5541C69E2A24B15B00ECEE64 /* Sources */,
				5541C69F2A24B15B00ECEE64 /* Frameworks */,
				5541C6A02A24B15B00ECEE64 /* Resources */,
			);
			buildRules = (
			);
			dependencies = (
			);
			name = "counter-application";
			packageProductDependencies = (
				5541C6D12A24B1DE00ECEE64 /* SwiftUINavigation */,
				5541C6D32A24B1DE00ECEE64 /* _SwiftUINavigationState */,
				5541C6D62A24B22500ECEE64 /* ComposableArchitecture */,
			);
			productName = "counter-application";
			productReference = 5541C6A22A24B15B00ECEE64 /* counter-application.app */;
			productType = "com.apple.product-type.application";
		};
		5541C6B22A24B15D00ECEE64 /* counter-applicationTests */ = {
			isa = PBXNativeTarget;
			buildConfigurationList = 5541C6CA2A24B15D00ECEE64 /* Build configuration list for PBXNativeTarget "counter-applicationTests" */;
			buildPhases = (
				5541C6AF2A24B15D00ECEE64 /* Sources */,
				5541C6B02A24B15D00ECEE64 /* Frameworks */,
				5541C6B12A24B15D00ECEE64 /* Resources */,
			);
			buildRules = (
			);
			dependencies = (
				5541C6B52A24B15D00ECEE64 /* PBXTargetDependency */,
			);
			name = "counter-applicationTests";
			productName = "counter-applicationTests";
			productReference = 5541C6B32A24B15D00ECEE64 /* counter-applicationTests.xctest */;
			productType = "com.apple.product-type.bundle.unit-test";
		};
		5541C6BC2A24B15D00ECEE64 /* counter-applicationUITests */ = {
			isa = PBXNativeTarget;
			buildConfigurationList = 5541C6CD2A24B15D00ECEE64 /* Build configuration list for PBXNativeTarget "counter-applicationUITests" */;
			buildPhases = (
				5541C6B92A24B15D00ECEE64 /* Sources */,
				5541C6BA2A24B15D00ECEE64 /* Frameworks */,
				5541C6BB2A24B15D00ECEE64 /* Resources */,
			);
			buildRules = (
			);
			dependencies = (
				5541C6BF2A24B15D00ECEE64 /* PBXTargetDependency */,
			);
			name = "counter-applicationUITests";
			productName = "counter-applicationUITests";
			productReference = 5541C6BD2A24B15D00ECEE64 /* counter-applicationUITests.xctest */;
			productType = "com.apple.product-type.bundle.ui-testing";
		};
/* End PBXNativeTarget section */

/* Begin PBXProject section */
		5541C69A2A24B15B00ECEE64 /* Project object */ = {
			isa = PBXProject;
			attributes = {
				BuildIndependentTargetsInParallel = 1;
				LastSwiftUpdateCheck = 1430;
				LastUpgradeCheck = 1430;
				TargetAttributes = {
					5541C6A12A24B15B00ECEE64 = {
						CreatedOnToolsVersion = 14.3;
					};
					5541C6B22A24B15D00ECEE64 = {
						CreatedOnToolsVersion = 14.3;
						TestTargetID = 5541C6A12A24B15B00ECEE64;
					};
					5541C6BC2A24B15D00ECEE64 = {
						CreatedOnToolsVersion = 14.3;
						TestTargetID = 5541C6A12A24B15B00ECEE64;
					};
				};
			};
			buildConfigurationList = 5541C69D2A24B15B00ECEE64 /* Build configuration list for PBXProject "counter-application" */;
			compatibilityVersion = "Xcode 14.0";
			developmentRegion = en;
			hasScannedForEncodings = 0;
			knownRegions = (
				en,
				Base,
			);
			mainGroup = 5541C6992A24B15B00ECEE64;
			packageReferences = (
				5541C6D02A24B1DE00ECEE64 /* XCRemoteSwiftPackageReference "swiftui-navigation" */,
				5541C6D52A24B22500ECEE64 /* XCRemoteSwiftPackageReference "swift-composable-architecture" */,
			);
			productRefGroup = 5541C6A32A24B15B00ECEE64 /* Products */;
			projectDirPath = "";
			projectRoot = "";
			targets = (
				5541C6A12A24B15B00ECEE64 /* counter-application */,
				5541C6B22A24B15D00ECEE64 /* counter-applicationTests */,
				5541C6BC2A24B15D00ECEE64 /* counter-applicationUITests */,
			);
		};
/* End PBXProject section */

/* Begin PBXResourcesBuildPhase section */
		5541C6A02A24B15B00ECEE64 /* Resources */ = {
			isa = PBXResourcesBuildPhase;
			buildActionMask = 2147483647;
			files = (
				5541C6AE2A24B15C00ECEE64 /* Preview Assets.xcassets in Resources */,
				5541C6AA2A24B15C00ECEE64 /* Assets.xcassets in Resources */,
			);
			runOnlyForDeploymentPostprocessing = 0;
		};
		5541C6B12A24B15D00ECEE64 /* Resources */ = {
			isa = PBXResourcesBuildPhase;
			buildActionMask = 2147483647;
			files = (
			);
			runOnlyForDeploymentPostprocessing = 0;
		};
		5541C6BB2A24B15D00ECEE64 /* Resources */ = {
			isa = PBXResourcesBuildPhase;
			buildActionMask = 2147483647;
			files = (
			);
			runOnlyForDeploymentPostprocessing = 0;
		};
/* End PBXResourcesBuildPhase section */

/* Begin PBXSourcesBuildPhase section */
		5541C69E2A24B15B00ECEE64 /* Sources */ = {
			isa = PBXSourcesBuildPhase;
			buildActionMask = 2147483647;
			files = (
				5541C6D92A24B25600ECEE64 /* CounterFeature.swift in Sources */,
				5541C6A82A24B15B00ECEE64 /* ContentView.swift in Sources */,
				5541C6A62A24B15B00ECEE64 /* counter_applicationApp.swift in Sources */,
			);
			runOnlyForDeploymentPostprocessing = 0;
		};
		5541C6AF2A24B15D00ECEE64 /* Sources */ = {
			isa = PBXSourcesBuildPhase;
			buildActionMask = 2147483647;
			files = (
				5541C6B82A24B15D00ECEE64 /* counter_applicationTests.swift in Sources */,
			);
			runOnlyForDeploymentPostprocessing = 0;
		};
		5541C6B92A24B15D00ECEE64 /* Sources */ = {
			isa = PBXSourcesBuildPhase;
			buildActionMask = 2147483647;
			files = (
				5541C6C42A24B15D00ECEE64 /* counter_applicationUITestsLaunchTests.swift in Sources */,
				5541C6C22A24B15D00ECEE64 /* counter_applicationUITests.swift in Sources */,
			);
			runOnlyForDeploymentPostprocessing = 0;
		};
/* End PBXSourcesBuildPhase section */

/* Begin PBXTargetDependency section */
		5541C6B52A24B15D00ECEE64 /* PBXTargetDependency */ = {
			isa = PBXTargetDependency;
			target = 5541C6A12A24B15B00ECEE64 /* counter-application */;
			targetProxy = 5541C6B42A24B15D00ECEE64 /* PBXContainerItemProxy */;
		};
		5541C6BF2A24B15D00ECEE64 /* PBXTargetDependency */ = {
			isa = PBXTargetDependency;
			target = 5541C6A12A24B15B00ECEE64 /* counter-application */;
			targetProxy = 5541C6BE2A24B15D00ECEE64 /* PBXContainerItemProxy */;
		};
/* End PBXTargetDependency section */

/* Begin XCBuildConfiguration section */
		5541C6C52A24B15D00ECEE64 /* Debug */ = {
			isa = XCBuildConfiguration;
			buildSettings = {
				ALWAYS_SEARCH_USER_PATHS = NO;
				CLANG_ANALYZER_NONNULL = YES;
				CLANG_ANALYZER_NUMBER_OBJECT_CONVERSION = YES_AGGRESSIVE;
				CLANG_CXX_LANGUAGE_STANDARD = "gnu++20";
				CLANG_ENABLE_MODULES = YES;
				CLANG_ENABLE_OBJC_ARC = YES;
				CLANG_ENABLE_OBJC_WEAK = YES;
				CLANG_WARN_BLOCK_CAPTURE_AUTORELEASING = YES;
				CLANG_WARN_BOOL_CONVERSION = YES;
				CLANG_WARN_COMMA = YES;
				CLANG_WARN_CONSTANT_CONVERSION = YES;
				CLANG_WARN_DEPRECATED_OBJC_IMPLEMENTATIONS = YES;
				CLANG_WARN_DIRECT_OBJC_ISA_USAGE = YES_ERROR;
				CLANG_WARN_DOCUMENTATION_COMMENTS = YES;
				CLANG_WARN_EMPTY_BODY = YES;
				CLANG_WARN_ENUM_CONVERSION = YES;
				CLANG_WARN_INFINITE_RECURSION = YES;
				CLANG_WARN_INT_CONVERSION = YES;
				CLANG_WARN_NON_LITERAL_NULL_CONVERSION = YES;
				CLANG_WARN_OBJC_IMPLICIT_RETAIN_SELF = YES;
				CLANG_WARN_OBJC_LITERAL_CONVERSION = YES;
				CLANG_WARN_OBJC_ROOT_CLASS = YES_ERROR;
				CLANG_WARN_QUOTED_INCLUDE_IN_FRAMEWORK_HEADER = YES;
				CLANG_WARN_RANGE_LOOP_ANALYSIS = YES;
				CLANG_WARN_STRICT_PROTOTYPES = YES;
				CLANG_WARN_SUSPICIOUS_MOVE = YES;
				CLANG_WARN_UNGUARDED_AVAILABILITY = YES_AGGRESSIVE;
				CLANG_WARN_UNREACHABLE_CODE = YES;
				CLANG_WARN__DUPLICATE_METHOD_MATCH = YES;
				COPY_PHASE_STRIP = NO;
				DEBUG_INFORMATION_FORMAT = dwarf;
				ENABLE_STRICT_OBJC_MSGSEND = YES;
				ENABLE_TESTABILITY = YES;
				GCC_C_LANGUAGE_STANDARD = gnu11;
				GCC_DYNAMIC_NO_PIC = NO;
				GCC_NO_COMMON_BLOCKS = YES;
				GCC_OPTIMIZATION_LEVEL = 0;
				GCC_PREPROCESSOR_DEFINITIONS = (
					"DEBUG=1",
					"$(inherited)",
				);
				GCC_WARN_64_TO_32_BIT_CONVERSION = YES;
				GCC_WARN_ABOUT_RETURN_TYPE = YES_ERROR;
				GCC_WARN_UNDECLARED_SELECTOR = YES;
				GCC_WARN_UNINITIALIZED_AUTOS = YES_AGGRESSIVE;
				GCC_WARN_UNUSED_FUNCTION = YES;
				GCC_WARN_UNUSED_VARIABLE = YES;
				MTL_ENABLE_DEBUG_INFO = INCLUDE_SOURCE;
				MTL_FAST_MATH = YES;
				ONLY_ACTIVE_ARCH = YES;
				SWIFT_ACTIVE_COMPILATION_CONDITIONS = DEBUG;
				SWIFT_OPTIMIZATION_LEVEL = "-Onone";
			};
			name = Debug;
		};
		5541C6C62A24B15D00ECEE64 /* Release */ = {
			isa = XCBuildConfiguration;
			buildSettings = {
				ALWAYS_SEARCH_USER_PATHS = NO;
				CLANG_ANALYZER_NONNULL = YES;
				CLANG_ANALYZER_NUMBER_OBJECT_CONVERSION = YES_AGGRESSIVE;
				CLANG_CXX_LANGUAGE_STANDARD = "gnu++20";
				CLANG_ENABLE_MODULES = YES;
				CLANG_ENABLE_OBJC_ARC = YES;
				CLANG_ENABLE_OBJC_WEAK = YES;
				CLANG_WARN_BLOCK_CAPTURE_AUTORELEASING = YES;
				CLANG_WARN_BOOL_CONVERSION = YES;
				CLANG_WARN_COMMA = YES;
				CLANG_WARN_CONSTANT_CONVERSION = YES;
				CLANG_WARN_DEPRECATED_OBJC_IMPLEMENTATIONS = YES;
				CLANG_WARN_DIRECT_OBJC_ISA_USAGE = YES_ERROR;
				CLANG_WARN_DOCUMENTATION_COMMENTS = YES;
				CLANG_WARN_EMPTY_BODY = YES;
				CLANG_WARN_ENUM_CONVERSION = YES;
				CLANG_WARN_INFINITE_RECURSION = YES;
				CLANG_WARN_INT_CONVERSION = YES;
				CLANG_WARN_NON_LITERAL_NULL_CONVERSION = YES;
				CLANG_WARN_OBJC_IMPLICIT_RETAIN_SELF = YES;
				CLANG_WARN_OBJC_LITERAL_CONVERSION = YES;
				CLANG_WARN_OBJC_ROOT_CLASS = YES_ERROR;
				CLANG_WARN_QUOTED_INCLUDE_IN_FRAMEWORK_HEADER = YES;
				CLANG_WARN_RANGE_LOOP_ANALYSIS = YES;
				CLANG_WARN_STRICT_PROTOTYPES = YES;
				CLANG_WARN_SUSPICIOUS_MOVE = YES;
				CLANG_WARN_UNGUARDED_AVAILABILITY = YES_AGGRESSIVE;
				CLANG_WARN_UNREACHABLE_CODE = YES;
				CLANG_WARN__DUPLICATE_METHOD_MATCH = YES;
				COPY_PHASE_STRIP = NO;
				DEBUG_INFORMATION_FORMAT = "dwarf-with-dsym";
				ENABLE_NS_ASSERTIONS = NO;
				ENABLE_STRICT_OBJC_MSGSEND = YES;
				GCC_C_LANGUAGE_STANDARD = gnu11;
				GCC_NO_COMMON_BLOCKS = YES;
				GCC_WARN_64_TO_32_BIT_CONVERSION = YES;
				GCC_WARN_ABOUT_RETURN_TYPE = YES_ERROR;
				GCC_WARN_UNDECLARED_SELECTOR = YES;
				GCC_WARN_UNINITIALIZED_AUTOS = YES_AGGRESSIVE;
				GCC_WARN_UNUSED_FUNCTION = YES;
				GCC_WARN_UNUSED_VARIABLE = YES;
				MTL_ENABLE_DEBUG_INFO = NO;
				MTL_FAST_MATH = YES;
				SWIFT_COMPILATION_MODE = wholemodule;
				SWIFT_OPTIMIZATION_LEVEL = "-O";
			};
			name = Release;
		};
		5541C6C82A24B15D00ECEE64 /* Debug */ = {
			isa = XCBuildConfiguration;
			buildSettings = {
				ASSETCATALOG_COMPILER_APPICON_NAME = AppIcon;
				ASSETCATALOG_COMPILER_GLOBAL_ACCENT_COLOR_NAME = AccentColor;
				CODE_SIGN_ENTITLEMENTS = "counter-application/counter_application.entitlements";
				CODE_SIGN_STYLE = Automatic;
				CURRENT_PROJECT_VERSION = 1;
				DEVELOPMENT_ASSET_PATHS = "\"counter-application/Preview Content\"";
				DEVELOPMENT_TEAM = U4FWMJQJWS;
				ENABLE_HARDENED_RUNTIME = YES;
				ENABLE_PREVIEWS = YES;
				GENERATE_INFOPLIST_FILE = YES;
				"INFOPLIST_KEY_UIApplicationSceneManifest_Generation[sdk=iphoneos*]" = YES;
				"INFOPLIST_KEY_UIApplicationSceneManifest_Generation[sdk=iphonesimulator*]" = YES;
				"INFOPLIST_KEY_UIApplicationSupportsIndirectInputEvents[sdk=iphoneos*]" = YES;
				"INFOPLIST_KEY_UIApplicationSupportsIndirectInputEvents[sdk=iphonesimulator*]" = YES;
				"INFOPLIST_KEY_UILaunchScreen_Generation[sdk=iphoneos*]" = YES;
				"INFOPLIST_KEY_UILaunchScreen_Generation[sdk=iphonesimulator*]" = YES;
				"INFOPLIST_KEY_UIStatusBarStyle[sdk=iphoneos*]" = UIStatusBarStyleDefault;
				"INFOPLIST_KEY_UIStatusBarStyle[sdk=iphonesimulator*]" = UIStatusBarStyleDefault;
				INFOPLIST_KEY_UISupportedInterfaceOrientations_iPad = "UIInterfaceOrientationPortrait UIInterfaceOrientationPortraitUpsideDown UIInterfaceOrientationLandscapeLeft UIInterfaceOrientationLandscapeRight";
				INFOPLIST_KEY_UISupportedInterfaceOrientations_iPhone = "UIInterfaceOrientationPortrait UIInterfaceOrientationLandscapeLeft UIInterfaceOrientationLandscapeRight";
				IPHONEOS_DEPLOYMENT_TARGET = 16.4;
				LD_RUNPATH_SEARCH_PATHS = "@executable_path/Frameworks";
				"LD_RUNPATH_SEARCH_PATHS[sdk=macosx*]" = "@executable_path/../Frameworks";
				MACOSX_DEPLOYMENT_TARGET = 13.3;
				MARKETING_VERSION = 1.0;
				PRODUCT_BUNDLE_IDENTIFIER = "com.solstella.counter-application";
				PRODUCT_NAME = "$(TARGET_NAME)";
				SDKROOT = auto;
				SUPPORTED_PLATFORMS = "iphoneos iphonesimulator macosx";
				SWIFT_EMIT_LOC_STRINGS = YES;
				SWIFT_VERSION = 5.0;
				TARGETED_DEVICE_FAMILY = "1,2";
			};
			name = Debug;
		};
		5541C6C92A24B15D00ECEE64 /* Release */ = {
			isa = XCBuildConfiguration;
			buildSettings = {
				ASSETCATALOG_COMPILER_APPICON_NAME = AppIcon;
				ASSETCATALOG_COMPILER_GLOBAL_ACCENT_COLOR_NAME = AccentColor;
				CODE_SIGN_ENTITLEMENTS = "counter-application/counter_application.entitlements";
				CODE_SIGN_STYLE = Automatic;
				CURRENT_PROJECT_VERSION = 1;
				DEVELOPMENT_ASSET_PATHS = "\"counter-application/Preview Content\"";
				DEVELOPMENT_TEAM = U4FWMJQJWS;
				ENABLE_HARDENED_RUNTIME = YES;
				ENABLE_PREVIEWS = YES;
				GENERATE_INFOPLIST_FILE = YES;
				"INFOPLIST_KEY_UIApplicationSceneManifest_Generation[sdk=iphoneos*]" = YES;
				"INFOPLIST_KEY_UIApplicationSceneManifest_Generation[sdk=iphonesimulator*]" = YES;
				"INFOPLIST_KEY_UIApplicationSupportsIndirectInputEvents[sdk=iphoneos*]" = YES;
				"INFOPLIST_KEY_UIApplicationSupportsIndirectInputEvents[sdk=iphonesimulator*]" = YES;
				"INFOPLIST_KEY_UILaunchScreen_Generation[sdk=iphoneos*]" = YES;
				"INFOPLIST_KEY_UILaunchScreen_Generation[sdk=iphonesimulator*]" = YES;
				"INFOPLIST_KEY_UIStatusBarStyle[sdk=iphoneos*]" = UIStatusBarStyleDefault;
				"INFOPLIST_KEY_UIStatusBarStyle[sdk=iphonesimulator*]" = UIStatusBarStyleDefault;
				INFOPLIST_KEY_UISupportedInterfaceOrientations_iPad = "UIInterfaceOrientationPortrait UIInterfaceOrientationPortraitUpsideDown UIInterfaceOrientationLandscapeLeft UIInterfaceOrientationLandscapeRight";
				INFOPLIST_KEY_UISupportedInterfaceOrientations_iPhone = "UIInterfaceOrientationPortrait UIInterfaceOrientationLandscapeLeft UIInterfaceOrientationLandscapeRight";
				IPHONEOS_DEPLOYMENT_TARGET = 16.4;
				LD_RUNPATH_SEARCH_PATHS = "@executable_path/Frameworks";
				"LD_RUNPATH_SEARCH_PATHS[sdk=macosx*]" = "@executable_path/../Frameworks";
				MACOSX_DEPLOYMENT_TARGET = 13.3;
				MARKETING_VERSION = 1.0;
				PRODUCT_BUNDLE_IDENTIFIER = "com.solstella.counter-application";
				PRODUCT_NAME = "$(TARGET_NAME)";
				SDKROOT = auto;
				SUPPORTED_PLATFORMS = "iphoneos iphonesimulator macosx";
				SWIFT_EMIT_LOC_STRINGS = YES;
				SWIFT_VERSION = 5.0;
				TARGETED_DEVICE_FAMILY = "1,2";
			};
			name = Release;
		};
		5541C6CB2A24B15D00ECEE64 /* Debug */ = {
			isa = XCBuildConfiguration;
			buildSettings = {
				ALWAYS_EMBED_SWIFT_STANDARD_LIBRARIES = YES;
				BUNDLE_LOADER = "$(TEST_HOST)";
				CODE_SIGN_STYLE = Automatic;
				CURRENT_PROJECT_VERSION = 1;
				DEVELOPMENT_TEAM = U4FWMJQJWS;
				GENERATE_INFOPLIST_FILE = YES;
				IPHONEOS_DEPLOYMENT_TARGET = 16.4;
				MACOSX_DEPLOYMENT_TARGET = 13.3;
				MARKETING_VERSION = 1.0;
				PRODUCT_BUNDLE_IDENTIFIER = "com.solstella.counter-applicationTests";
				PRODUCT_NAME = "$(TARGET_NAME)";
				SDKROOT = auto;
				SUPPORTED_PLATFORMS = "iphoneos iphonesimulator macosx";
				SWIFT_EMIT_LOC_STRINGS = NO;
				SWIFT_VERSION = 5.0;
				TARGETED_DEVICE_FAMILY = "1,2";
				TEST_HOST = "$(BUILT_PRODUCTS_DIR)/counter-application.app/$(BUNDLE_EXECUTABLE_FOLDER_PATH)/counter-application";
			};
			name = Debug;
		};
		5541C6CC2A24B15D00ECEE64 /* Release */ = {
			isa = XCBuildConfiguration;
			buildSettings = {
				ALWAYS_EMBED_SWIFT_STANDARD_LIBRARIES = YES;
				BUNDLE_LOADER = "$(TEST_HOST)";
				CODE_SIGN_STYLE = Automatic;
				CURRENT_PROJECT_VERSION = 1;
				DEVELOPMENT_TEAM = U4FWMJQJWS;
				GENERATE_INFOPLIST_FILE = YES;
				IPHONEOS_DEPLOYMENT_TARGET = 16.4;
				MACOSX_DEPLOYMENT_TARGET = 13.3;
				MARKETING_VERSION = 1.0;
				PRODUCT_BUNDLE_IDENTIFIER = "com.solstella.counter-applicationTests";
				PRODUCT_NAME = "$(TARGET_NAME)";
				SDKROOT = auto;
				SUPPORTED_PLATFORMS = "iphoneos iphonesimulator macosx";
				SWIFT_EMIT_LOC_STRINGS = NO;
				SWIFT_VERSION = 5.0;
				TARGETED_DEVICE_FAMILY = "1,2";
				TEST_HOST = "$(BUILT_PRODUCTS_DIR)/counter-application.app/$(BUNDLE_EXECUTABLE_FOLDER_PATH)/counter-application";
			};
			name = Release;
		};
		5541C6CE2A24B15D00ECEE64 /* Debug */ = {
			isa = XCBuildConfiguration;
			buildSettings = {
				ALWAYS_EMBED_SWIFT_STANDARD_LIBRARIES = YES;
				CODE_SIGN_STYLE = Automatic;
				CURRENT_PROJECT_VERSION = 1;
				DEVELOPMENT_TEAM = U4FWMJQJWS;
				GENERATE_INFOPLIST_FILE = YES;
				IPHONEOS_DEPLOYMENT_TARGET = 16.4;
				MACOSX_DEPLOYMENT_TARGET = 13.3;
				MARKETING_VERSION = 1.0;
				PRODUCT_BUNDLE_IDENTIFIER = "com.solstella.counter-applicationUITests";
				PRODUCT_NAME = "$(TARGET_NAME)";
				SDKROOT = auto;
				SUPPORTED_PLATFORMS = "iphoneos iphonesimulator macosx";
				SWIFT_EMIT_LOC_STRINGS = NO;
				SWIFT_VERSION = 5.0;
				TARGETED_DEVICE_FAMILY = "1,2";
				TEST_TARGET_NAME = "counter-application";
			};
			name = Debug;
		};
		5541C6CF2A24B15D00ECEE64 /* Release */ = {
			isa = XCBuildConfiguration;
			buildSettings = {
				ALWAYS_EMBED_SWIFT_STANDARD_LIBRARIES = YES;
				CODE_SIGN_STYLE = Automatic;
				CURRENT_PROJECT_VERSION = 1;
				DEVELOPMENT_TEAM = U4FWMJQJWS;
				GENERATE_INFOPLIST_FILE = YES;
				IPHONEOS_DEPLOYMENT_TARGET = 16.4;
				MACOSX_DEPLOYMENT_TARGET = 13.3;
				MARKETING_VERSION = 1.0;
				PRODUCT_BUNDLE_IDENTIFIER = "com.solstella.counter-applicationUITests";
				PRODUCT_NAME = "$(TARGET_NAME)";
				SDKROOT = auto;
				SUPPORTED_PLATFORMS = "iphoneos iphonesimulator macosx";
				SWIFT_EMIT_LOC_STRINGS = NO;
				SWIFT_VERSION = 5.0;
				TARGETED_DEVICE_FAMILY = "1,2";
				TEST_TARGET_NAME = "counter-application";
			};
			name = Release;
		};
/* End XCBuildConfiguration section */

/* Begin XCConfigurationList section */
		5541C69D2A24B15B00ECEE64 /* Build configuration list for PBXProject "counter-application" */ = {
			isa = XCConfigurationList;
			buildConfigurations = (
				5541C6C52A24B15D00ECEE64 /* Debug */,
				5541C6C62A24B15D00ECEE64 /* Release */,
			);
			defaultConfigurationIsVisible = 0;
			defaultConfigurationName = Release;
		};
		5541C6C72A24B15D00ECEE64 /* Build configuration list for PBXNativeTarget "counter-application" */ = {
			isa = XCConfigurationList;
			buildConfigurations = (
				5541C6C82A24B15D00ECEE64 /* Debug */,
				5541C6C92A24B15D00ECEE64 /* Release */,
			);
			defaultConfigurationIsVisible = 0;
			defaultConfigurationName = Release;
		};
		5541C6CA2A24B15D00ECEE64 /* Build configuration list for PBXNativeTarget "counter-applicationTests" */ = {
			isa = XCConfigurationList;
			buildConfigurations = (
				5541C6CB2A24B15D00ECEE64 /* Debug */,
				5541C6CC2A24B15D00ECEE64 /* Release */,
			);
			defaultConfigurationIsVisible = 0;
			defaultConfigurationName = Release;
		};
		5541C6CD2A24B15D00ECEE64 /* Build configuration list for PBXNativeTarget "counter-applicationUITests" */ = {
			isa = XCConfigurationList;
			buildConfigurations = (
				5541C6CE2A24B15D00ECEE64 /* Debug */,
				5541C6CF2A24B15D00ECEE64 /* Release */,
			);
			defaultConfigurationIsVisible = 0;
			defaultConfigurationName = Release;
		};
/* End XCConfigurationList section */

/* Begin XCRemoteSwiftPackageReference section */
		5541C6D02A24B1DE00ECEE64 /* XCRemoteSwiftPackageReference "swiftui-navigation" */ = {
			isa = XCRemoteSwiftPackageReference;
			repositoryURL = "https://github.com/pointfreeco/swiftui-navigation";
			requirement = {
				kind = upToNextMajorVersion;
				minimumVersion = 0.7.1;
			};
		};
		5541C6D52A24B22500ECEE64 /* XCRemoteSwiftPackageReference "swift-composable-architecture" */ = {
			isa = XCRemoteSwiftPackageReference;
			repositoryURL = "https://github.com/pointfreeco/swift-composable-architecture";
			requirement = {
				kind = upToNextMajorVersion;
				minimumVersion = 0.53.2;
			};
		};
/* End XCRemoteSwiftPackageReference section */

/* Begin XCSwiftPackageProductDependency section */
		5541C6D12A24B1DE00ECEE64 /* SwiftUINavigation */ = {
			isa = XCSwiftPackageProductDependency;
			package = 5541C6D02A24B1DE00ECEE64 /* XCRemoteSwiftPackageReference "swiftui-navigation" */;
			productName = SwiftUINavigation;
		};
		5541C6D32A24B1DE00ECEE64 /* _SwiftUINavigationState */ = {
			isa = XCSwiftPackageProductDependency;
			package = 5541C6D02A24B1DE00ECEE64 /* XCRemoteSwiftPackageReference "swiftui-navigation" */;
			productName = _SwiftUINavigationState;
		};
		5541C6D62A24B22500ECEE64 /* ComposableArchitecture */ = {
			isa = XCSwiftPackageProductDependency;
			package = 5541C6D52A24B22500ECEE64 /* XCRemoteSwiftPackageReference "swift-composable-architecture" */;
			productName = ComposableArchitecture;
		};
/* End XCSwiftPackageProductDependency section */
	};
	rootObject = 5541C69A2A24B15B00ECEE64 /* Project object */;
}
