// !$*UTF8*$!
{
	archiveVersion = 1;
	classes = {
	};
	objectVersion = 56;
	objects = {

/* Begin PBXBuildFile section */
		550950DA2A3405F7009673E2 /* CartItemView.swift in Sources */ = {isa = PBXBuildFile; fileRef = 550950D92A3405F7009673E2 /* CartItemView.swift */; };
		550950DD2A34170F009673E2 /* CheckoutView.swift in Sources */ = {isa = PBXBuildFile; fileRef = 550950DC2A34170F009673E2 /* CheckoutView.swift */; };
		550A0EF82A33AD6900450C37 /* CartModel.swift in Sources */ = {isa = PBXBuildFile; fileRef = 550A0EF72A33AD6900450C37 /* CartModel.swift */; };
		550A0EFA2A33ADE300450C37 /* CartView.swift in Sources */ = {isa = PBXBuildFile; fileRef = 550A0EF92A33ADE300450C37 /* CartView.swift */; };
		55704E7D2A339DF4009CD801 /* CategoryDetailView.swift in Sources */ = {isa = PBXBuildFile; fileRef = 55704E7C2A339DF4009CD801 /* CategoryDetailView.swift */; };
		55704E7F2A339E02009CD801 /* CategoryDetailModel.swift in Sources */ = {isa = PBXBuildFile; fileRef = 55704E7E2A339E02009CD801 /* CategoryDetailModel.swift */; };
		55704E822A33A4E8009CD801 /* ProductAddToCartModel.swift in Sources */ = {isa = PBXBuildFile; fileRef = 55704E812A33A4E8009CD801 /* ProductAddToCartModel.swift */; };
		55704E842A33A4F6009CD801 /* ProductAddToCartView.swift in Sources */ = {isa = PBXBuildFile; fileRef = 55704E832A33A4F6009CD801 /* ProductAddToCartView.swift */; };
		5570B37C2A2E2F5E006E21F7 /* OrderingSystemApp.swift in Sources */ = {isa = PBXBuildFile; fileRef = 5570B37B2A2E2F5E006E21F7 /* OrderingSystemApp.swift */; };
		5570B3802A2E2F5F006E21F7 /* Assets.xcassets in Resources */ = {isa = PBXBuildFile; fileRef = 5570B37F2A2E2F5F006E21F7 /* Assets.xcassets */; };
		5570B3842A2E2F5F006E21F7 /* Preview Assets.xcassets in Resources */ = {isa = PBXBuildFile; fileRef = 5570B3832A2E2F5F006E21F7 /* Preview Assets.xcassets */; };
		5570B38D2A2E4745006E21F7 /* LoginView.swift in Sources */ = {isa = PBXBuildFile; fileRef = 5570B38C2A2E4745006E21F7 /* LoginView.swift */; };
		55B3C6E42A33716B003F5C7C /* ComposableArchitecture in Frameworks */ = {isa = PBXBuildFile; productRef = 55B3C6E32A33716B003F5C7C /* ComposableArchitecture */; };
		55B3C6E72A3371EB003F5C7C /* TCACoordinators in Frameworks */ = {isa = PBXBuildFile; productRef = 55B3C6E62A3371EB003F5C7C /* TCACoordinators */; };
		55B3C6EA2A33723A003F5C7C /* LoginModel.swift in Sources */ = {isa = PBXBuildFile; fileRef = 55B3C6E92A33723A003F5C7C /* LoginModel.swift */; };
		55B3C6ED2A33735A003F5C7C /* AppScreens.swift in Sources */ = {isa = PBXBuildFile; fileRef = 55B3C6EC2A33735A003F5C7C /* AppScreens.swift */; };
		55B3C6EF2A337447003F5C7C /* OrderingSystemAppCoordinator.swift in Sources */ = {isa = PBXBuildFile; fileRef = 55B3C6EE2A337447003F5C7C /* OrderingSystemAppCoordinator.swift */; };
		55B3C6F22A337C11003F5C7C /* UserService.swift in Sources */ = {isa = PBXBuildFile; fileRef = 55B3C6F12A337C11003F5C7C /* UserService.swift */; };
		55C021962A338524000E2C42 /* MainMenuView.swift in Sources */ = {isa = PBXBuildFile; fileRef = 55C021952A338524000E2C42 /* MainMenuView.swift */; };
		55C021982A338562000E2C42 /* ProductsService.swift in Sources */ = {isa = PBXBuildFile; fileRef = 55C021972A338562000E2C42 /* ProductsService.swift */; };
		55C0219A2A3386FC000E2C42 /* MainMenuModel.swift in Sources */ = {isa = PBXBuildFile; fileRef = 55C021992A3386FC000E2C42 /* MainMenuModel.swift */; };
		55F6F7932A34239200B2968B /* PaymentDetailsView.swift in Sources */ = {isa = PBXBuildFile; fileRef = 55F6F7922A34239200B2968B /* PaymentDetailsView.swift */; };
		55F6F7962A342E2F00B2968B /* CheckoutSuccessView.swift in Sources */ = {isa = PBXBuildFile; fileRef = 55F6F7952A342E2F00B2968B /* CheckoutSuccessView.swift */; };
/* End PBXBuildFile section */

/* Begin PBXFileReference section */
		550950D92A3405F7009673E2 /* CartItemView.swift */ = {isa = PBXFileReference; lastKnownFileType = sourcecode.swift; path = CartItemView.swift; sourceTree = "<group>"; };
		550950DC2A34170F009673E2 /* CheckoutView.swift */ = {isa = PBXFileReference; lastKnownFileType = sourcecode.swift; path = CheckoutView.swift; sourceTree = "<group>"; };
		550A0EF72A33AD6900450C37 /* CartModel.swift */ = {isa = PBXFileReference; lastKnownFileType = sourcecode.swift; path = CartModel.swift; sourceTree = "<group>"; };
		550A0EF92A33ADE300450C37 /* CartView.swift */ = {isa = PBXFileReference; lastKnownFileType = sourcecode.swift; path = CartView.swift; sourceTree = "<group>"; };
		55704E7C2A339DF4009CD801 /* CategoryDetailView.swift */ = {isa = PBXFileReference; lastKnownFileType = sourcecode.swift; path = CategoryDetailView.swift; sourceTree = "<group>"; };
		55704E7E2A339E02009CD801 /* CategoryDetailModel.swift */ = {isa = PBXFileReference; lastKnownFileType = sourcecode.swift; path = CategoryDetailModel.swift; sourceTree = "<group>"; };
		55704E812A33A4E8009CD801 /* ProductAddToCartModel.swift */ = {isa = PBXFileReference; lastKnownFileType = sourcecode.swift; path = ProductAddToCartModel.swift; sourceTree = "<group>"; };
		55704E832A33A4F6009CD801 /* ProductAddToCartView.swift */ = {isa = PBXFileReference; lastKnownFileType = sourcecode.swift; path = ProductAddToCartView.swift; sourceTree = "<group>"; };
		5570B3782A2E2F5E006E21F7 /* OrderingSystem.app */ = {isa = PBXFileReference; explicitFileType = wrapper.application; includeInIndex = 0; path = OrderingSystem.app; sourceTree = BUILT_PRODUCTS_DIR; };
		5570B37B2A2E2F5E006E21F7 /* OrderingSystemApp.swift */ = {isa = PBXFileReference; lastKnownFileType = sourcecode.swift; path = OrderingSystemApp.swift; sourceTree = "<group>"; };
		5570B37F2A2E2F5F006E21F7 /* Assets.xcassets */ = {isa = PBXFileReference; lastKnownFileType = folder.assetcatalog; path = Assets.xcassets; sourceTree = "<group>"; };
		5570B3812A2E2F5F006E21F7 /* OrderingSystem.entitlements */ = {isa = PBXFileReference; lastKnownFileType = text.plist.entitlements; path = OrderingSystem.entitlements; sourceTree = "<group>"; };
		5570B3832A2E2F5F006E21F7 /* Preview Assets.xcassets */ = {isa = PBXFileReference; lastKnownFileType = folder.assetcatalog; path = "Preview Assets.xcassets"; sourceTree = "<group>"; };
		5570B38C2A2E4745006E21F7 /* LoginView.swift */ = {isa = PBXFileReference; lastKnownFileType = sourcecode.swift; path = LoginView.swift; sourceTree = "<group>"; };
		55B3C6E92A33723A003F5C7C /* LoginModel.swift */ = {isa = PBXFileReference; lastKnownFileType = sourcecode.swift; path = LoginModel.swift; sourceTree = "<group>"; };
		55B3C6EC2A33735A003F5C7C /* AppScreens.swift */ = {isa = PBXFileReference; lastKnownFileType = sourcecode.swift; path = AppScreens.swift; sourceTree = "<group>"; };
		55B3C6EE2A337447003F5C7C /* OrderingSystemAppCoordinator.swift */ = {isa = PBXFileReference; lastKnownFileType = sourcecode.swift; path = OrderingSystemAppCoordinator.swift; sourceTree = "<group>"; };
		55B3C6F12A337C11003F5C7C /* UserService.swift */ = {isa = PBXFileReference; lastKnownFileType = sourcecode.swift; path = UserService.swift; sourceTree = "<group>"; };
		55C021952A338524000E2C42 /* MainMenuView.swift */ = {isa = PBXFileReference; lastKnownFileType = sourcecode.swift; path = MainMenuView.swift; sourceTree = "<group>"; };
		55C021972A338562000E2C42 /* ProductsService.swift */ = {isa = PBXFileReference; lastKnownFileType = sourcecode.swift; path = ProductsService.swift; sourceTree = "<group>"; };
		55C021992A3386FC000E2C42 /* MainMenuModel.swift */ = {isa = PBXFileReference; lastKnownFileType = sourcecode.swift; path = MainMenuModel.swift; sourceTree = "<group>"; };
		55F6F7922A34239200B2968B /* PaymentDetailsView.swift */ = {isa = PBXFileReference; lastKnownFileType = sourcecode.swift; path = PaymentDetailsView.swift; sourceTree = "<group>"; };
		55F6F7952A342E2F00B2968B /* CheckoutSuccessView.swift */ = {isa = PBXFileReference; lastKnownFileType = sourcecode.swift; path = CheckoutSuccessView.swift; sourceTree = "<group>"; };
/* End PBXFileReference section */

/* Begin PBXFrameworksBuildPhase section */
		5570B3752A2E2F5E006E21F7 /* Frameworks */ = {
			isa = PBXFrameworksBuildPhase;
			buildActionMask = 2147483647;
			files = (
				55B3C6E72A3371EB003F5C7C /* TCACoordinators in Frameworks */,
				55B3C6E42A33716B003F5C7C /* ComposableArchitecture in Frameworks */,
			);
			runOnlyForDeploymentPostprocessing = 0;
		};
/* End PBXFrameworksBuildPhase section */

/* Begin PBXGroup section */
		550950DB2A3416F5009673E2 /* Checkout */ = {
			isa = PBXGroup;
			children = (
				550950DC2A34170F009673E2 /* CheckoutView.swift */,
				55F6F7922A34239200B2968B /* PaymentDetailsView.swift */,
			);
			path = Checkout;
			sourceTree = "<group>";
		};
		550A0EF62A33AD6000450C37 /* Cart */ = {
			isa = PBXGroup;
			children = (
				550A0EF72A33AD6900450C37 /* CartModel.swift */,
				550A0EF92A33ADE300450C37 /* CartView.swift */,
				550950D92A3405F7009673E2 /* CartItemView.swift */,
			);
			path = Cart;
			sourceTree = "<group>";
		};
		55704E7B2A339DE2009CD801 /* CategoryDetail */ = {
			isa = PBXGroup;
			children = (
				55704E7C2A339DF4009CD801 /* CategoryDetailView.swift */,
				55704E7E2A339E02009CD801 /* CategoryDetailModel.swift */,
			);
			path = CategoryDetail;
			sourceTree = "<group>";
		};
		55704E802A33A4D2009CD801 /* ProductAddToCart */ = {
			isa = PBXGroup;
			children = (
				55704E812A33A4E8009CD801 /* ProductAddToCartModel.swift */,
				55704E832A33A4F6009CD801 /* ProductAddToCartView.swift */,
			);
			path = ProductAddToCart;
			sourceTree = "<group>";
		};
		5570B36F2A2E2F5E006E21F7 = {
			isa = PBXGroup;
			children = (
				5570B37A2A2E2F5E006E21F7 /* OrderingSystem */,
				5570B3792A2E2F5E006E21F7 /* Products */,
			);
			sourceTree = "<group>";
		};
		5570B3792A2E2F5E006E21F7 /* Products */ = {
			isa = PBXGroup;
			children = (
				5570B3782A2E2F5E006E21F7 /* OrderingSystem.app */,
			);
			name = Products;
			sourceTree = "<group>";
		};
		5570B37A2A2E2F5E006E21F7 /* OrderingSystem */ = {
			isa = PBXGroup;
			children = (
				55F6F7942A342E0800B2968B /* CheckoutSuccess */,
				550950DB2A3416F5009673E2 /* Checkout */,
				550A0EF62A33AD6000450C37 /* Cart */,
				55704E802A33A4D2009CD801 /* ProductAddToCart */,
				55704E7B2A339DE2009CD801 /* CategoryDetail */,
				55C021942A338518000E2C42 /* MainMenu */,
				55B3C6F02A337C09003F5C7C /* Services */,
				55B3C6EB2A33734A003F5C7C /* Screens */,
				55B3C6E82A337223003F5C7C /* Login */,
				5570B37B2A2E2F5E006E21F7 /* OrderingSystemApp.swift */,
				5570B37F2A2E2F5F006E21F7 /* Assets.xcassets */,
				5570B3812A2E2F5F006E21F7 /* OrderingSystem.entitlements */,
				5570B3822A2E2F5F006E21F7 /* Preview Content */,
				55B3C6EE2A337447003F5C7C /* OrderingSystemAppCoordinator.swift */,
			);
			path = OrderingSystem;
			sourceTree = "<group>";
		};
		5570B3822A2E2F5F006E21F7 /* Preview Content */ = {
			isa = PBXGroup;
			children = (
				5570B3832A2E2F5F006E21F7 /* Preview Assets.xcassets */,
			);
			path = "Preview Content";
			sourceTree = "<group>";
		};
		55B3C6E82A337223003F5C7C /* Login */ = {
			isa = PBXGroup;
			children = (
				5570B38C2A2E4745006E21F7 /* LoginView.swift */,
				55B3C6E92A33723A003F5C7C /* LoginModel.swift */,
			);
			path = Login;
			sourceTree = "<group>";
		};
		55B3C6EB2A33734A003F5C7C /* Screens */ = {
			isa = PBXGroup;
			children = (
				55B3C6EC2A33735A003F5C7C /* AppScreens.swift */,
			);
			path = Screens;
			sourceTree = "<group>";
		};
		55B3C6F02A337C09003F5C7C /* Services */ = {
			isa = PBXGroup;
			children = (
				55B3C6F12A337C11003F5C7C /* UserService.swift */,
				55C021972A338562000E2C42 /* ProductsService.swift */,
			);
			path = Services;
			sourceTree = "<group>";
		};
		55C021942A338518000E2C42 /* MainMenu */ = {
			isa = PBXGroup;
			children = (
				55C021952A338524000E2C42 /* MainMenuView.swift */,
				55C021992A3386FC000E2C42 /* MainMenuModel.swift */,
			);
			path = MainMenu;
			sourceTree = "<group>";
		};
		55F6F7942A342E0800B2968B /* CheckoutSuccess */ = {
			isa = PBXGroup;
			children = (
				55F6F7952A342E2F00B2968B /* CheckoutSuccessView.swift */,
			);
			path = CheckoutSuccess;
			sourceTree = "<group>";
		};
/* End PBXGroup section */

/* Begin PBXNativeTarget section */
		5570B3772A2E2F5E006E21F7 /* OrderingSystem */ = {
			isa = PBXNativeTarget;
			buildConfigurationList = 5570B3872A2E2F5F006E21F7 /* Build configuration list for PBXNativeTarget "OrderingSystem" */;
			buildPhases = (
				5570B3742A2E2F5E006E21F7 /* Sources */,
				5570B3752A2E2F5E006E21F7 /* Frameworks */,
				5570B3762A2E2F5E006E21F7 /* Resources */,
			);
			buildRules = (
			);
			dependencies = (
			);
			name = OrderingSystem;
			packageProductDependencies = (
				55B3C6E32A33716B003F5C7C /* ComposableArchitecture */,
				55B3C6E62A3371EB003F5C7C /* TCACoordinators */,
			);
			productName = OrderingSystem;
			productReference = 5570B3782A2E2F5E006E21F7 /* OrderingSystem.app */;
			productType = "com.apple.product-type.application";
		};
/* End PBXNativeTarget section */

/* Begin PBXProject section */
		5570B3702A2E2F5E006E21F7 /* Project object */ = {
			isa = PBXProject;
			attributes = {
				BuildIndependentTargetsInParallel = 1;
				LastSwiftUpdateCheck = 1430;
				LastUpgradeCheck = 1430;
				TargetAttributes = {
					5570B3772A2E2F5E006E21F7 = {
						CreatedOnToolsVersion = 14.3;
					};
				};
			};
			buildConfigurationList = 5570B3732A2E2F5E006E21F7 /* Build configuration list for PBXProject "OrderingSystem" */;
			compatibilityVersion = "Xcode 14.0";
			developmentRegion = en;
			hasScannedForEncodings = 0;
			knownRegions = (
				en,
				Base,
			);
			mainGroup = 5570B36F2A2E2F5E006E21F7;
			packageReferences = (
				55B3C6E22A33716B003F5C7C /* XCRemoteSwiftPackageReference "swift-composable-architecture" */,
				55B3C6E52A3371EB003F5C7C /* XCRemoteSwiftPackageReference "TCACoordinators" */,
			);
			productRefGroup = 5570B3792A2E2F5E006E21F7 /* Products */;
			projectDirPath = "";
			projectRoot = "";
			targets = (
				5570B3772A2E2F5E006E21F7 /* OrderingSystem */,
			);
		};
/* End PBXProject section */

/* Begin PBXResourcesBuildPhase section */
		5570B3762A2E2F5E006E21F7 /* Resources */ = {
			isa = PBXResourcesBuildPhase;
			buildActionMask = 2147483647;
			files = (
				5570B3842A2E2F5F006E21F7 /* Preview Assets.xcassets in Resources */,
				5570B3802A2E2F5F006E21F7 /* Assets.xcassets in Resources */,
			);
			runOnlyForDeploymentPostprocessing = 0;
		};
/* End PBXResourcesBuildPhase section */

/* Begin PBXSourcesBuildPhase section */
		5570B3742A2E2F5E006E21F7 /* Sources */ = {
			isa = PBXSourcesBuildPhase;
			buildActionMask = 2147483647;
			files = (
				550A0EFA2A33ADE300450C37 /* CartView.swift in Sources */,
				550950DA2A3405F7009673E2 /* CartItemView.swift in Sources */,
				550950DD2A34170F009673E2 /* CheckoutView.swift in Sources */,
				55704E842A33A4F6009CD801 /* ProductAddToCartView.swift in Sources */,
				5570B37C2A2E2F5E006E21F7 /* OrderingSystemApp.swift in Sources */,
				55F6F7932A34239200B2968B /* PaymentDetailsView.swift in Sources */,
				55C021962A338524000E2C42 /* MainMenuView.swift in Sources */,
				55704E7F2A339E02009CD801 /* CategoryDetailModel.swift in Sources */,
				55B3C6EA2A33723A003F5C7C /* LoginModel.swift in Sources */,
				55F6F7962A342E2F00B2968B /* CheckoutSuccessView.swift in Sources */,
				55B3C6F22A337C11003F5C7C /* UserService.swift in Sources */,
				5570B38D2A2E4745006E21F7 /* LoginView.swift in Sources */,
				55704E822A33A4E8009CD801 /* ProductAddToCartModel.swift in Sources */,
				55704E7D2A339DF4009CD801 /* CategoryDetailView.swift in Sources */,
				550A0EF82A33AD6900450C37 /* CartModel.swift in Sources */,
				55C021982A338562000E2C42 /* ProductsService.swift in Sources */,
				55C0219A2A3386FC000E2C42 /* MainMenuModel.swift in Sources */,
				55B3C6ED2A33735A003F5C7C /* AppScreens.swift in Sources */,
				55B3C6EF2A337447003F5C7C /* OrderingSystemAppCoordinator.swift in Sources */,
			);
			runOnlyForDeploymentPostprocessing = 0;
		};
/* End PBXSourcesBuildPhase section */

/* Begin XCBuildConfiguration section */
		5570B3852A2E2F5F006E21F7 /* Debug */ = {
			isa = XCBuildConfiguration;
			buildSettings = {
				ALWAYS_SEARCH_USER_PATHS = NO;
				CLANG_ANALYZER_NONNULL = YES;
				CLANG_ANALYZER_NUMBER_OBJECT_CONVERSION = YES_AGGRESSIVE;
				CLANG_CXX_LANGUAGE_STANDARD = "gnu++20";
				CLANG_ENABLE_MODULES = YES;
				CLANG_ENABLE_OBJC_ARC = YES;
				CLANG_ENABLE_OBJC_WEAK = YES;
				CLANG_WARN_BLOCK_CAPTURE_AUTORELEASING = YES;
				CLANG_WARN_BOOL_CONVERSION = YES;
				CLANG_WARN_COMMA = YES;
				CLANG_WARN_CONSTANT_CONVERSION = YES;
				CLANG_WARN_DEPRECATED_OBJC_IMPLEMENTATIONS = YES;
				CLANG_WARN_DIRECT_OBJC_ISA_USAGE = YES_ERROR;
				CLANG_WARN_DOCUMENTATION_COMMENTS = YES;
				CLANG_WARN_EMPTY_BODY = YES;
				CLANG_WARN_ENUM_CONVERSION = YES;
				CLANG_WARN_INFINITE_RECURSION = YES;
				CLANG_WARN_INT_CONVERSION = YES;
				CLANG_WARN_NON_LITERAL_NULL_CONVERSION = YES;
				CLANG_WARN_OBJC_IMPLICIT_RETAIN_SELF = YES;
				CLANG_WARN_OBJC_LITERAL_CONVERSION = YES;
				CLANG_WARN_OBJC_ROOT_CLASS = YES_ERROR;
				CLANG_WARN_QUOTED_INCLUDE_IN_FRAMEWORK_HEADER = YES;
				CLANG_WARN_RANGE_LOOP_ANALYSIS = YES;
				CLANG_WARN_STRICT_PROTOTYPES = YES;
				CLANG_WARN_SUSPICIOUS_MOVE = YES;
				CLANG_WARN_UNGUARDED_AVAILABILITY = YES_AGGRESSIVE;
				CLANG_WARN_UNREACHABLE_CODE = YES;
				CLANG_WARN__DUPLICATE_METHOD_MATCH = YES;
				COPY_PHASE_STRIP = NO;
				DEBUG_INFORMATION_FORMAT = dwarf;
				ENABLE_STRICT_OBJC_MSGSEND = YES;
				ENABLE_TESTABILITY = YES;
				GCC_C_LANGUAGE_STANDARD = gnu11;
				GCC_DYNAMIC_NO_PIC = NO;
				GCC_NO_COMMON_BLOCKS = YES;
				GCC_OPTIMIZATION_LEVEL = 0;
				GCC_PREPROCESSOR_DEFINITIONS = (
					"DEBUG=1",
					"$(inherited)",
				);
				GCC_WARN_64_TO_32_BIT_CONVERSION = YES;
				GCC_WARN_ABOUT_RETURN_TYPE = YES_ERROR;
				GCC_WARN_UNDECLARED_SELECTOR = YES;
				GCC_WARN_UNINITIALIZED_AUTOS = YES_AGGRESSIVE;
				GCC_WARN_UNUSED_FUNCTION = YES;
				GCC_WARN_UNUSED_VARIABLE = YES;
				MTL_ENABLE_DEBUG_INFO = INCLUDE_SOURCE;
				MTL_FAST_MATH = YES;
				ONLY_ACTIVE_ARCH = YES;
				SWIFT_ACTIVE_COMPILATION_CONDITIONS = DEBUG;
				SWIFT_OPTIMIZATION_LEVEL = "-Onone";
			};
			name = Debug;
		};
		5570B3862A2E2F5F006E21F7 /* Release */ = {
			isa = XCBuildConfiguration;
			buildSettings = {
				ALWAYS_SEARCH_USER_PATHS = NO;
				CLANG_ANALYZER_NONNULL = YES;
				CLANG_ANALYZER_NUMBER_OBJECT_CONVERSION = YES_AGGRESSIVE;
				CLANG_CXX_LANGUAGE_STANDARD = "gnu++20";
				CLANG_ENABLE_MODULES = YES;
				CLANG_ENABLE_OBJC_ARC = YES;
				CLANG_ENABLE_OBJC_WEAK = YES;
				CLANG_WARN_BLOCK_CAPTURE_AUTORELEASING = YES;
				CLANG_WARN_BOOL_CONVERSION = YES;
				CLANG_WARN_COMMA = YES;
				CLANG_WARN_CONSTANT_CONVERSION = YES;
				CLANG_WARN_DEPRECATED_OBJC_IMPLEMENTATIONS = YES;
				CLANG_WARN_DIRECT_OBJC_ISA_USAGE = YES_ERROR;
				CLANG_WARN_DOCUMENTATION_COMMENTS = YES;
				CLANG_WARN_EMPTY_BODY = YES;
				CLANG_WARN_ENUM_CONVERSION = YES;
				CLANG_WARN_INFINITE_RECURSION = YES;
				CLANG_WARN_INT_CONVERSION = YES;
				CLANG_WARN_NON_LITERAL_NULL_CONVERSION = YES;
				CLANG_WARN_OBJC_IMPLICIT_RETAIN_SELF = YES;
				CLANG_WARN_OBJC_LITERAL_CONVERSION = YES;
				CLANG_WARN_OBJC_ROOT_CLASS = YES_ERROR;
				CLANG_WARN_QUOTED_INCLUDE_IN_FRAMEWORK_HEADER = YES;
				CLANG_WARN_RANGE_LOOP_ANALYSIS = YES;
				CLANG_WARN_STRICT_PROTOTYPES = YES;
				CLANG_WARN_SUSPICIOUS_MOVE = YES;
				CLANG_WARN_UNGUARDED_AVAILABILITY = YES_AGGRESSIVE;
				CLANG_WARN_UNREACHABLE_CODE = YES;
				CLANG_WARN__DUPLICATE_METHOD_MATCH = YES;
				COPY_PHASE_STRIP = NO;
				DEBUG_INFORMATION_FORMAT = "dwarf-with-dsym";
				ENABLE_NS_ASSERTIONS = NO;
				ENABLE_STRICT_OBJC_MSGSEND = YES;
				GCC_C_LANGUAGE_STANDARD = gnu11;
				GCC_NO_COMMON_BLOCKS = YES;
				GCC_WARN_64_TO_32_BIT_CONVERSION = YES;
				GCC_WARN_ABOUT_RETURN_TYPE = YES_ERROR;
				GCC_WARN_UNDECLARED_SELECTOR = YES;
				GCC_WARN_UNINITIALIZED_AUTOS = YES_AGGRESSIVE;
				GCC_WARN_UNUSED_FUNCTION = YES;
				GCC_WARN_UNUSED_VARIABLE = YES;
				MTL_ENABLE_DEBUG_INFO = NO;
				MTL_FAST_MATH = YES;
				SWIFT_COMPILATION_MODE = wholemodule;
				SWIFT_OPTIMIZATION_LEVEL = "-O";
			};
			name = Release;
		};
		5570B3882A2E2F5F006E21F7 /* Debug */ = {
			isa = XCBuildConfiguration;
			buildSettings = {
				ASSETCATALOG_COMPILER_APPICON_NAME = AppIcon;
				ASSETCATALOG_COMPILER_GLOBAL_ACCENT_COLOR_NAME = AccentColor;
				CODE_SIGN_ENTITLEMENTS = OrderingSystem/OrderingSystem.entitlements;
				CODE_SIGN_STYLE = Automatic;
				CURRENT_PROJECT_VERSION = 1;
				DEVELOPMENT_ASSET_PATHS = "\"OrderingSystem/Preview Content\"";
				DEVELOPMENT_TEAM = U4FWMJQJWS;
				ENABLE_HARDENED_RUNTIME = YES;
				ENABLE_PREVIEWS = YES;
				GENERATE_INFOPLIST_FILE = YES;
				"INFOPLIST_KEY_UIApplicationSceneManifest_Generation[sdk=iphoneos*]" = YES;
				"INFOPLIST_KEY_UIApplicationSceneManifest_Generation[sdk=iphonesimulator*]" = YES;
				"INFOPLIST_KEY_UIApplicationSupportsIndirectInputEvents[sdk=iphoneos*]" = YES;
				"INFOPLIST_KEY_UIApplicationSupportsIndirectInputEvents[sdk=iphonesimulator*]" = YES;
				"INFOPLIST_KEY_UILaunchScreen_Generation[sdk=iphoneos*]" = YES;
				"INFOPLIST_KEY_UILaunchScreen_Generation[sdk=iphonesimulator*]" = YES;
				"INFOPLIST_KEY_UIStatusBarStyle[sdk=iphoneos*]" = UIStatusBarStyleDefault;
				"INFOPLIST_KEY_UIStatusBarStyle[sdk=iphonesimulator*]" = UIStatusBarStyleDefault;
				INFOPLIST_KEY_UISupportedInterfaceOrientations_iPad = "UIInterfaceOrientationPortrait UIInterfaceOrientationPortraitUpsideDown UIInterfaceOrientationLandscapeLeft UIInterfaceOrientationLandscapeRight";
				INFOPLIST_KEY_UISupportedInterfaceOrientations_iPhone = "UIInterfaceOrientationPortrait UIInterfaceOrientationLandscapeLeft UIInterfaceOrientationLandscapeRight";
				IPHONEOS_DEPLOYMENT_TARGET = 16.4;
				LD_RUNPATH_SEARCH_PATHS = "@executable_path/Frameworks";
				"LD_RUNPATH_SEARCH_PATHS[sdk=macosx*]" = "@executable_path/../Frameworks";
				MACOSX_DEPLOYMENT_TARGET = 13.3;
				MARKETING_VERSION = 1.0;
				PRODUCT_BUNDLE_IDENTIFIER = com.rly.OrderingSystem;
				PRODUCT_NAME = "$(TARGET_NAME)";
				SDKROOT = auto;
				SUPPORTED_PLATFORMS = "iphoneos iphonesimulator macosx";
				SWIFT_EMIT_LOC_STRINGS = YES;
				SWIFT_VERSION = 5.0;
				TARGETED_DEVICE_FAMILY = "1,2";
			};
			name = Debug;
		};
		5570B3892A2E2F5F006E21F7 /* Release */ = {
			isa = XCBuildConfiguration;
			buildSettings = {
				ASSETCATALOG_COMPILER_APPICON_NAME = AppIcon;
				ASSETCATALOG_COMPILER_GLOBAL_ACCENT_COLOR_NAME = AccentColor;
				CODE_SIGN_ENTITLEMENTS = OrderingSystem/OrderingSystem.entitlements;
				CODE_SIGN_STYLE = Automatic;
				CURRENT_PROJECT_VERSION = 1;
				DEVELOPMENT_ASSET_PATHS = "\"OrderingSystem/Preview Content\"";
				DEVELOPMENT_TEAM = U4FWMJQJWS;
				ENABLE_HARDENED_RUNTIME = YES;
				ENABLE_PREVIEWS = YES;
				GENERATE_INFOPLIST_FILE = YES;
				"INFOPLIST_KEY_UIApplicationSceneManifest_Generation[sdk=iphoneos*]" = YES;
				"INFOPLIST_KEY_UIApplicationSceneManifest_Generation[sdk=iphonesimulator*]" = YES;
				"INFOPLIST_KEY_UIApplicationSupportsIndirectInputEvents[sdk=iphoneos*]" = YES;
				"INFOPLIST_KEY_UIApplicationSupportsIndirectInputEvents[sdk=iphonesimulator*]" = YES;
				"INFOPLIST_KEY_UILaunchScreen_Generation[sdk=iphoneos*]" = YES;
				"INFOPLIST_KEY_UILaunchScreen_Generation[sdk=iphonesimulator*]" = YES;
				"INFOPLIST_KEY_UIStatusBarStyle[sdk=iphoneos*]" = UIStatusBarStyleDefault;
				"INFOPLIST_KEY_UIStatusBarStyle[sdk=iphonesimulator*]" = UIStatusBarStyleDefault;
				INFOPLIST_KEY_UISupportedInterfaceOrientations_iPad = "UIInterfaceOrientationPortrait UIInterfaceOrientationPortraitUpsideDown UIInterfaceOrientationLandscapeLeft UIInterfaceOrientationLandscapeRight";
				INFOPLIST_KEY_UISupportedInterfaceOrientations_iPhone = "UIInterfaceOrientationPortrait UIInterfaceOrientationLandscapeLeft UIInterfaceOrientationLandscapeRight";
				IPHONEOS_DEPLOYMENT_TARGET = 16.4;
				LD_RUNPATH_SEARCH_PATHS = "@executable_path/Frameworks";
				"LD_RUNPATH_SEARCH_PATHS[sdk=macosx*]" = "@executable_path/../Frameworks";
				MACOSX_DEPLOYMENT_TARGET = 13.3;
				MARKETING_VERSION = 1.0;
				PRODUCT_BUNDLE_IDENTIFIER = com.rly.OrderingSystem;
				PRODUCT_NAME = "$(TARGET_NAME)";
				SDKROOT = auto;
				SUPPORTED_PLATFORMS = "iphoneos iphonesimulator macosx";
				SWIFT_EMIT_LOC_STRINGS = YES;
				SWIFT_VERSION = 5.0;
				TARGETED_DEVICE_FAMILY = "1,2";
			};
			name = Release;
		};
/* End XCBuildConfiguration section */

/* Begin XCConfigurationList section */
		5570B3732A2E2F5E006E21F7 /* Build configuration list for PBXProject "OrderingSystem" */ = {
			isa = XCConfigurationList;
			buildConfigurations = (
				5570B3852A2E2F5F006E21F7 /* Debug */,
				5570B3862A2E2F5F006E21F7 /* Release */,
			);
			defaultConfigurationIsVisible = 0;
			defaultConfigurationName = Release;
		};
		5570B3872A2E2F5F006E21F7 /* Build configuration list for PBXNativeTarget "OrderingSystem" */ = {
			isa = XCConfigurationList;
			buildConfigurations = (
				5570B3882A2E2F5F006E21F7 /* Debug */,
				5570B3892A2E2F5F006E21F7 /* Release */,
			);
			defaultConfigurationIsVisible = 0;
			defaultConfigurationName = Release;
		};
/* End XCConfigurationList section */

/* Begin XCRemoteSwiftPackageReference section */
		55B3C6E22A33716B003F5C7C /* XCRemoteSwiftPackageReference "swift-composable-architecture" */ = {
			isa = XCRemoteSwiftPackageReference;
			repositoryURL = "https://github.com/pointfreeco/swift-composable-architecture";
			requirement = {
				kind = upToNextMajorVersion;
				minimumVersion = 0.54.0;
			};
		};
		55B3C6E52A3371EB003F5C7C /* XCRemoteSwiftPackageReference "TCACoordinators" */ = {
			isa = XCRemoteSwiftPackageReference;
			repositoryURL = "https://github.com/johnpatrickmorgan/TCACoordinators.git";
			requirement = {
				kind = upToNextMajorVersion;
				minimumVersion = 0.4.3;
			};
		};
/* End XCRemoteSwiftPackageReference section */

/* Begin XCSwiftPackageProductDependency section */
		55B3C6E32A33716B003F5C7C /* ComposableArchitecture */ = {
			isa = XCSwiftPackageProductDependency;
			package = 55B3C6E22A33716B003F5C7C /* XCRemoteSwiftPackageReference "swift-composable-architecture" */;
			productName = ComposableArchitecture;
		};
		55B3C6E62A3371EB003F5C7C /* TCACoordinators */ = {
			isa = XCSwiftPackageProductDependency;
			package = 55B3C6E52A3371EB003F5C7C /* XCRemoteSwiftPackageReference "TCACoordinators" */;
			productName = TCACoordinators;
		};
/* End XCSwiftPackageProductDependency section */
	};
	rootObject = 5570B3702A2E2F5E006E21F7 /* Project object */;
}
